{
  "requires": true,
  "lockfileVersion": 1,
  "dependencies": {
    "croppie": {
      "version": "2.6.5",
      "resolved": "https://registry.npmjs.org/croppie/-/croppie-2.6.5.tgz",
      "integrity": "sha512-IlChnVUGG5T3w2gRZIaQgBtlvyuYnlUWs2YZIXXR3H9KrlO1PtBT3j+ykxvy9eZIWhk+V5SpBmhCQz5UXKrEKQ=="
    },
    "croppr": {
      "version": "2.3.1",
      "resolved": "https://registry.npmjs.org/croppr/-/croppr-2.3.1.tgz",
      "integrity": "sha512-0rvTl4VmR3I4AahjJPF1u9IlT7ckvjIcgaLnUjYaY+UZsP9oxlVYZWYDuqM3SVCQiaI7DXMjR7wOEYT+mydOFg=="
    }
  }
}
